
Microsoft Visual Studio Solution File, Format Version 12.00
# Visual Studio Version 17
VisualStudioVersion = 17.3.32804.467
MinimumVisualStudioVersion = 10.0.40219.1
Project("{FAE04EC0-301F-11D3-BF4B-00C04F79EFBC}") = "WebApplication4", "WebApplication4\WebApplication4.csproj", "{CCA664FE-CB9A-40F7-A013-EB3E18745C6F}"
EndProject
Global
	GlobalSection(SolutionConfigurationPlatforms) = preSolution
		Debug|Any CPU = Debug|Any CPU
		Release|Any CPU = Release|Any CPU
	EndGlobalSection
	GlobalSection(ProjectConfigurationPlatforms) = postSolution
		{CCA664FE-CB9A-40F7-A013-EB3E18745C6F}.Debug|Any CPU.ActiveCfg = Debug|Any CPU
		{CCA664FE-CB9A-40F7-A013-EB3E18745C6F}.Debug|Any CPU.Build.0 = Debug|Any CPU
		{CCA664FE-CB9A-40F7-A013-EB3E18745C6F}.Release|Any CPU.ActiveCfg = Release|Any CPU
		{CCA664FE-CB9A-40F7-A013-EB3E18745C6F}.Release|Any CPU.Build.0 = Release|Any CPU
	EndGlobalSection
	GlobalSection(SolutionProperties) = preSolution
		HideSolutionNode = FALSE
	EndGlobalSection
	GlobalSection(ExtensibilityGlobals) = postSolution
		SolutionGuid = {E4466E91-E401-4FA1-9C75-FC23AC8BFBDD}
	EndGlobalSection
EndGlobal
